
Microsoft Visual Studio Solution File, Format Version 12.00
# Visual Studio Version 16
VisualStudioVersion = 16.0.29215.179
MinimumVisualStudioVersion = 10.0.40219.1
Project("{FAE04EC0-301F-11D3-BF4B-00C04F79EFBC}") = "LukbanMurillo_Proj", "LukbanMurillo_Proj\LukbanMurillo_Proj.csproj", "{7F5545BB-0D2F-4692-BC2B-243FC98B8930}"
EndProject
Global
	GlobalSection(SolutionConfigurationPlatforms) = preSolution
		Debug|Any CPU = Debug|Any CPU
		Release|Any CPU = Release|Any CPU
	EndGlobalSection
	GlobalSection(ProjectConfigurationPlatforms) = postSolution
		{7F5545BB-0D2F-4692-BC2B-243FC98B8930}.Debug|Any CPU.ActiveCfg = Debug|Any CPU
		{7F5545BB-0D2F-4692-BC2B-243FC98B8930}.Debug|Any CPU.Build.0 = Debug|Any CPU
		{7F5545BB-0D2F-4692-BC2B-243FC98B8930}.Release|Any CPU.ActiveCfg = Release|Any CPU
		{7F5545BB-0D2F-4692-BC2B-243FC98B8930}.Release|Any CPU.Build.0 = Release|Any CPU
	EndGlobalSection
	GlobalSection(SolutionProperties) = preSolution
		HideSolutionNode = FALSE
	EndGlobalSection
	GlobalSection(ExtensibilityGlobals) = postSolution
		SolutionGuid = {7871F90C-8898-48BD-8DBA-601D6B495141}
	EndGlobalSection
EndGlobal
